version = 2
project = "tape"
ir_kind = "td"
td_path = "apps/tape/tech-design"
generated_at = "2026-07-09T15:41:17.193837+00:00"
digest = "sha256:d8759dd654a8423255160888f6a58eb4f6335ba834606ccc479371d6763a1ead"
source_digest = "sha256:d8759dd654a8423255160888f6a58eb4f6335ba834606ccc479371d6763a1ead"
ir_digest = "sha256:759ca7369223801c3e0f7f17021d358af60f4fa55640f32b0de9a18e5ba36ae3"

[[files]]
path = "README.md"
digest = "sha256:dc7fb8fe7a4210bf50824fc477078de4b62f30208e3c506f7756e1ab5c787104"
ir_digest = "sha256:ffd60e3aff92c538315b70c3984361efaa6fab25e0af61264310a39a68b8cfcd"
section_count = 0

[[files]]
path = "interfaces/rest/service-http-shell-h2c-serve-standard-endpoints.md"
digest = "sha256:c07f9ef9265216014ef464a0e0d4aa5dfe01f36a2c2abcb57138a8c5e08ad6d5"
ir_digest = "sha256:54a47ef3cff55c82145b2ced587c29a6928e915c43092bb3671217fe1fd7c5ec"
section_count = 3

[[files]]
path = "interfaces/rest/tape-service-auth.md"
digest = "sha256:6153519a5ea3e6d405cba97558e66850b627b0a61cabfc02402612a8e25444d2"
ir_digest = "sha256:08d2e53f4bd35197f47fde2df1486c37a1c4aaa092a2df29d78fc8cb09cd538f"
section_count = 3

[[files]]
path = "logic/tape-backup-service-tls-spec-gen-clients.md"
digest = "sha256:e5e306fd402b26da5af549a2a4ab53e049241c25dfe002f55aa8e68ff41d4ad6"
ir_digest = "sha256:cf15f79a5cd6a2e3533bbb1a727646dbc70358fdd303280f60265c44df60a6ef"
section_count = 3

[[files]]
path = "logic/tape-docs-scripts-traits-polish.md"
digest = "sha256:52b51cd8cfea8502716763575e7fdf4d31a58bdb56896fcd25647b6834ba6526"
ir_digest = "sha256:c7a5b5f18bea036f68c24f3b8f9d5b6b76c259f22e994add7abea737c59a7b86"
section_count = 3

[[files]]
path = "logic/tape-operator-k8s-dockerfile-cli.md"
digest = "sha256:28e2a16ce98228be5a97c824afca2949abe7cd75e915423fabf5ec729e7c9b30"
ir_digest = "sha256:0165a40acac06a3aa22126b07ae1c86da2250a72e59e3a85f5b2641cf7f8820a"
section_count = 3

[[files]]
path = "logic/tape-raft-host-primary-replicas.md"
digest = "sha256:72ee950649d4c5ac6d73eb95f22e512a5d8dc0bb91806f0ff349d12b6489fae7"
ir_digest = "sha256:3ecb0fd4bb6e6e967a940d43cc4b397a55c4c335d78903401ec4af00d8752a03"
section_count = 3

[[files]]
path = "logic/tape-vat-meter-guard-ec-gates-observability.md"
digest = "sha256:7c91920c00a15094d73136a5c04d501c9a91022d0343194be462d6098deec1e0"
ir_digest = "sha256:36794e07a7da5e89aea35046c796a7d4fea5833646953f7084350860ad6c076d"
section_count = 3

[[files]]
path = "semantic/source/apps-tape-build-rs.md"
digest = "sha256:117aa9b483290ef240d81cafb5509797753490dca1eba01c283447cd2aad124c"
ir_digest = "sha256:7cf8022e5eeb83373947a6ba4b87e7b3de62b2eb3aaf69f8afb99acff1fead0d"
section_count = 3

[[files]]
path = "semantic/source/apps-tape-src-bench-rs.md"
digest = "sha256:c5404b65102cd629c07162a44109372a3238cae3a25d4cacb10d69ecdf19b2eb"
ir_digest = "sha256:f4463888c4e95f08ace77f2f15a189b04dbad4b4756d8740927df1522b565b39"
section_count = 4

[[files]]
path = "semantic/source/apps-tape-src-bin-tape-bench-rs.md"
digest = "sha256:7233d0391571c783f4bbe5a91f25aa65c11255ea17a1fae69aa311be9ae35591"
ir_digest = "sha256:86f03f322194e39451dbba2e9787990514aeb96dfe85983ef44f17d34359eaac"
section_count = 3

[[files]]
path = "semantic/source/apps-tape-src-bin-tape-rs.md"
digest = "sha256:3fca4343e6490d0f2d87f3873895a12b158e6dbf7943937dd3fb1d6639387349"
ir_digest = "sha256:c58365ea609344e35a3eda59d04850751d7d718a44e88f4802bb40ac9159c6b4"
section_count = 4

[[files]]
path = "semantic/source/apps-tape-src-lib-rs.md"
digest = "sha256:02d35a42dcd4a2ed3a6e2e1f39923376a932639b0a8fe4a390b2a535cf173a04"
ir_digest = "sha256:69e4d27fa24958e93a208c4380f095a92f35c527fc8744065cc7f541d8d99437"
section_count = 4

[[files]]
path = "semantic/source/apps-tape-src-spec-rs.md"
digest = "sha256:9d5cc9fc94364202a8c19b8d500407482ced1b30f1414d0f9ccffddb38387502"
ir_digest = "sha256:24d5c39506969c73d044f64520128e05349548d66b411c2995a0da154c2065c2"
section_count = 4

[[files]]
path = "semantic/source/apps-tape-tests-cli-contract-rs.md"
digest = "sha256:ccae58f10a530a48a3ee05f3f5985d989032c5b867be397e339d5e7d5e83ce0a"
ir_digest = "sha256:f6110fd06ab7d20409ec9d7d2afdcc7244ad952ad0cebc32c90044684a3f6d96"
section_count = 3

[[files]]
path = "semantic/source/apps-tape-tests-competitor-feature-parity-rs.md"
digest = "sha256:70c81b9f380d9fd091896e17bfa63466478c8fec638ca8d0ae57ec9de931f834"
ir_digest = "sha256:160851994db30701f249d75b55c00072f39adb50a3e1b81d3a30f209b6228eca"
section_count = 3

[[files]]
path = "semantic/source/apps-tape-tests-tape-perf-gate-rs.md"
digest = "sha256:bbd875aed61931a73ad173fc4e88ccc2034c26c9d9fc49584da048bc7f2c7e5f"
ir_digest = "sha256:75151a703480b510f577b56672b44b53daeee63e7791f3d590604eae3a672957"
section_count = 3

[[files]]
path = "semantic/source/apps-tape-tests-tape-vs-nats-jetstream-rs.md"
digest = "sha256:e0dcc6de559ff2ca322937c70599f62c58ff88147558486293ba4d6767a7c50a"
ir_digest = "sha256:0538bce15ce5e0a38954ad32e5bb90aba440d33c5cade672abb2b12103b7ebd0"
section_count = 3

[[files]]
path = "semantic/tape-apps-tape.md"
digest = "sha256:6b6edb76a4b27782f6cf90f427d79cf3803752cf83d41ad50088609863d81f30"
ir_digest = "sha256:cc33b3faf22ba50c09b527bdb7552418fa968f6d0521b7822ee9016c62e86f95"
section_count = 3

[[files]]
path = "semantic/tape-build-script.md"
digest = "sha256:cfcae6a1c2230ec823703d6d4ff5070123a454c59b1e660ad059b9d200259b9f"
ir_digest = "sha256:8abe15753f6a1f9d5571573c2f244cebd176f5e9ce5cdd5adb1fb4ba86b9ff7b"
section_count = 3

[[files]]
path = "semantic/tape-install-script.md"
digest = "sha256:4212305a743b209d7977347730c010de5a3c6c7cb8850f9ea5098fa146e057d2"
ir_digest = "sha256:a17e69751a12aaafa6775f753a194fcde6acfa0f827ae5f845e840d88a1c3e47"
section_count = 3
