version = 2
project = "tape"
ir_kind = "td"
td_path = "apps/tape/tech-design"
generated_at = "2026-07-16T05:23:20.795709+00:00"
digest = "sha256:73018b3d1fe820cce80631af3450ab106ed4b9f6ccdd3e7e62040ac56f248d87"
source_digest = "sha256:73018b3d1fe820cce80631af3450ab106ed4b9f6ccdd3e7e62040ac56f248d87"
ir_digest = "sha256:ffff1ffbdaec91db582735a86ea24c9a149b61acad48bad3c8379dacc16e9e74"

[[files]]
path = "README.md"
digest = "sha256:dc7fb8fe7a4210bf50824fc477078de4b62f30208e3c506f7756e1ab5c787104"
ir_digest = "sha256:ffd60e3aff92c538315b70c3984361efaa6fab25e0af61264310a39a68b8cfcd"
section_count = 0

[[files]]
path = "interfaces/rest/service-http-shell-h2c-serve-standard-endpoints.md"
digest = "sha256:65e226b91ee94c06e2231b0b4b1761d3839ad580bd1fa61fc28441b7fb15565b"
ir_digest = "sha256:38aec4976f7404f88d9c7d19498f75b219bf011adf1b1b27e3fa034a96f1d50b"
section_count = 3

[[files]]
path = "interfaces/rest/tape-service-auth.md"
digest = "sha256:6153519a5ea3e6d405cba97558e66850b627b0a61cabfc02402612a8e25444d2"
ir_digest = "sha256:08d2e53f4bd35197f47fde2df1486c37a1c4aaa092a2df29d78fc8cb09cd538f"
section_count = 3

[[files]]
path = "interfaces/rest/wire-shared-peer-mtls-transport-into-the-raft-host.md"
digest = "sha256:fdb37cfef4d59b20198630147823f22525d0cebda70a94eb597a06b08aa9dbc5"
ir_digest = "sha256:e1f065299f3d05d40bd9824eb3f758eb9c7940b4872ab4e943970a2cab0e1155"
section_count = 3

[[files]]
path = "logic/add-operator-kind-restart-and-durable-replay-dogfood.md"
digest = "sha256:ae824271162945fe67f11e9d20d459a1c973002beade72178b060c565e1d9a12"
ir_digest = "sha256:cc1ec2b3df9fef4864878d1eccbaff91d01a39caa5da04dc44a2866cf2b4036b"
section_count = 2

[[files]]
path = "logic/adopt-shared-service-http-otlp-tracing.md"
digest = "sha256:b427225b5b5f5544827dc6a91708e809b1afe45bc6d53f745a26fb7418092bf9"
ir_digest = "sha256:c781cd0dc875cede456724ccc224c41599571d23684f9f7e2eb6d92e8b9d1e12"
section_count = 3

[[files]]
path = "logic/compose-shared-statefulset-workload-projection.md"
digest = "sha256:d46f6e5b2f803b7f885399d900b1f1de4f8eb5e3f8ac68e07cb286886f052962"
ir_digest = "sha256:429791420a1462b7ee6b7ddbcd7f0ecac7145c7ee894758e5f24cb3729f8a4eb"
section_count = 3

[[files]]
path = "logic/expose-subscriptions-as-topic-delivery-resources.md"
digest = "sha256:3b21917a9022ea8cd1410f913e1a0382057b62162b50d086fe1c99bc8a55e984"
ir_digest = "sha256:09aacd5ec58eaab92a149135287d13b492e0cf980a000ec3290e2e322a46ca99"
section_count = 3

[[files]]
path = "logic/normalize-replay-checkpoints-into-pull-subscriptions.md"
digest = "sha256:1f61ae73eb41d5ef90d5aa04670eef210064f4246d2821ce70de0ce7a3ea63db"
ir_digest = "sha256:aca744a06a27f4f86ab56d5eead6f8561c915e3693257dd924223af272b9abd3"
section_count = 3

[[files]]
path = "logic/pin-operator-image-to-clear-guard-security-gate.md"
digest = "sha256:78f7be775dd899bb11ddc514b2cfeb5a7b37b24f6fda71d83e2183760df111f4"
ir_digest = "sha256:70017ec804dac54c3892141a59a77d3d76d6ff87f1cbe178511b4a078779cb58"
section_count = 3

[[files]]
path = "logic/project-the-stateful-service-workload-baseline.md"
digest = "sha256:70580f5793c3ae5def3fed1a90c3ee9ed3b0d9680e8d739a79aca7810c1f7e7f"
ir_digest = "sha256:95a97cc2d19a8b7bf8a1883623a517ce5b90b4d4078f84727aed959f5457abaa"
section_count = 2

[[files]]
path = "logic/prove-repeated-raft-restart-recovery-under-sustained-append-and.md"
digest = "sha256:28f93b3fcbbc1259229d6e176eca7ebfc31b976136bb99050b0bc20b5adfadab"
ir_digest = "sha256:4f9ea089588dc709bb0b5e0aae7121c8d1f715c994f101649362dcb937b6bcb7"
section_count = 2

[[files]]
path = "logic/seed-empty-pvcs-from-a-backup-snapshot-before-raft-catch-up.md"
digest = "sha256:10d00a856b97be22e40afbd1ae92dc11f076d971606362cd90f3b81c2446ae0c"
ir_digest = "sha256:1ef9c6dc78ec6af339d92df4206b495705fe5f1178d46275e6fff7ac907d605b"
section_count = 2

[[files]]
path = "logic/ship-opt-in-default-deny-networkpolicy-component.md"
digest = "sha256:25d36690e57e938f3745049f70d59f51e68d5a97b74cc42281756ec615d6ff41"
ir_digest = "sha256:a5c9e0863f9ae0bcb170fb09deb6e78a524073143983322aad34aea992680215"
section_count = 2

[[files]]
path = "logic/ship-prometheus-operator-scrape-and-alert-manifests.md"
digest = "sha256:a1bdb03c14c3044134191a14e461e28ad4e17cbc5a7d1b20f0fbe89025f577a7"
ir_digest = "sha256:d51a1baeedc227682c2fad86351cdd76142ae3df76a0a2a8658775782487d798"
section_count = 2

[[files]]
path = "logic/tape-backup-service-tls-spec-gen-clients.md"
digest = "sha256:7ea070320715478f8f67185c84f0f303cd765b1dc1e050725b8480edfb4fcea9"
ir_digest = "sha256:601dcc9441fc7f19d8cc365ff98f4065383f2ca197e04ce6cb4cd2f0af6a853d"
section_count = 3

[[files]]
path = "logic/tape-docs-scripts-traits-polish.md"
digest = "sha256:a3cf0e945223478def36454aef2e501b2ca4444c2e17e1cb662a0fdfd3af76d9"
ir_digest = "sha256:25ddb6a60f24d0a6aa6dd121d1bb0e94a326be34f3bb9718ebd797de01babf83"
section_count = 3

[[files]]
path = "logic/tape-operator-k8s-dockerfile-cli.md"
digest = "sha256:a8ccee3c580ed603f2b2739ee4fb227092479b6694b5139db650d7c4bae23d98"
ir_digest = "sha256:04d29259e75b8601718cd2a97f9b157785142cab961fb273e585869dc06738bb"
section_count = 3

[[files]]
path = "logic/tape-raft-host-primary-replicas.md"
digest = "sha256:798a67cc5e32ba1acd46ffe8846d54d1a947db94e9027c54c9070caa99193ec9"
ir_digest = "sha256:a8637768312978a08d307638e8ef57e8276076c0b7690f337a470f08febbf96e"
section_count = 3

[[files]]
path = "logic/tape-vat-meter-guard-ec-gates-observability.md"
digest = "sha256:1dcb1e1cb85c7fe023ea14bd1ffc770c3ecdbdd3a45a22d28b9cbeed51b46340"
ir_digest = "sha256:26a59b2b75f242f36cc17154403f618e673bd4f8174da7a103c7993af2050136"
section_count = 3

[[files]]
path = "semantic/source/apps-tape-build-rs.md"
digest = "sha256:117aa9b483290ef240d81cafb5509797753490dca1eba01c283447cd2aad124c"
ir_digest = "sha256:7cf8022e5eeb83373947a6ba4b87e7b3de62b2eb3aaf69f8afb99acff1fead0d"
section_count = 3

[[files]]
path = "semantic/source/apps-tape-src-bench-rs.md"
digest = "sha256:c5404b65102cd629c07162a44109372a3238cae3a25d4cacb10d69ecdf19b2eb"
ir_digest = "sha256:f4463888c4e95f08ace77f2f15a189b04dbad4b4756d8740927df1522b565b39"
section_count = 4

[[files]]
path = "semantic/source/apps-tape-src-bin-tape-bench-rs.md"
digest = "sha256:7233d0391571c783f4bbe5a91f25aa65c11255ea17a1fae69aa311be9ae35591"
ir_digest = "sha256:86f03f322194e39451dbba2e9787990514aeb96dfe85983ef44f17d34359eaac"
section_count = 3

[[files]]
path = "semantic/source/apps-tape-src-bin-tape-rs.md"
digest = "sha256:1f0d7aa2b3332c3c3bd54ae761b80324bb3a981d310691efda48a1f8e622f1ef"
ir_digest = "sha256:8e20412ceab144a0e02b4091c1691dc4af06f5995142aa30003348c81ac8c6c8"
section_count = 4

[[files]]
path = "semantic/source/apps-tape-src-lib-rs.md"
digest = "sha256:8d5731ec1b63ea4bd3fc01d534a4c4d30d5def4317e5a7d74723c0a56e7a63bc"
ir_digest = "sha256:3ccc03e8c8d9da31458fe64226a0ab1f1488390a1983c01f1c2c960aec41c854"
section_count = 4

[[files]]
path = "semantic/source/apps-tape-src-spec-rs.md"
digest = "sha256:0b5053134cd7563862837e70ae6db567b9873c05669787b8b795e56ecb9c179e"
ir_digest = "sha256:789c8d75c9ef0941e4848fa96e56f97cfa857ac1c777e97f98c4b2320100030b"
section_count = 4

[[files]]
path = "semantic/source/apps-tape-tests-cli-contract-rs.md"
digest = "sha256:670df7c15a86ea61110b2ac48597b2304ab353b9e96e8fa57246d63a6da3ba17"
ir_digest = "sha256:de9777b31ba62848326d842fe97e1d199c412cdcbb8feb90effbc94416fe7ed2"
section_count = 3

[[files]]
path = "semantic/source/apps-tape-tests-competitor-feature-parity-rs.md"
digest = "sha256:70c81b9f380d9fd091896e17bfa63466478c8fec638ca8d0ae57ec9de931f834"
ir_digest = "sha256:160851994db30701f249d75b55c00072f39adb50a3e1b81d3a30f209b6228eca"
section_count = 3

[[files]]
path = "semantic/source/apps-tape-tests-tape-perf-gate-rs.md"
digest = "sha256:bbd875aed61931a73ad173fc4e88ccc2034c26c9d9fc49584da048bc7f2c7e5f"
ir_digest = "sha256:75151a703480b510f577b56672b44b53daeee63e7791f3d590604eae3a672957"
section_count = 3

[[files]]
path = "semantic/source/apps-tape-tests-tape-vs-nats-jetstream-rs.md"
digest = "sha256:e0dcc6de559ff2ca322937c70599f62c58ff88147558486293ba4d6767a7c50a"
ir_digest = "sha256:0538bce15ce5e0a38954ad32e5bb90aba440d33c5cade672abb2b12103b7ebd0"
section_count = 3

[[files]]
path = "semantic/tape-apps-tape.md"
digest = "sha256:6b6edb76a4b27782f6cf90f427d79cf3803752cf83d41ad50088609863d81f30"
ir_digest = "sha256:cc33b3faf22ba50c09b527bdb7552418fa968f6d0521b7822ee9016c62e86f95"
section_count = 3

[[files]]
path = "semantic/tape-build-script.md"
digest = "sha256:cfcae6a1c2230ec823703d6d4ff5070123a454c59b1e660ad059b9d200259b9f"
ir_digest = "sha256:8abe15753f6a1f9d5571573c2f244cebd176f5e9ce5cdd5adb1fb4ba86b9ff7b"
section_count = 3

[[files]]
path = "semantic/tape-install-script.md"
digest = "sha256:4212305a743b209d7977347730c010de5a3c6c7cb8850f9ea5098fa146e057d2"
ir_digest = "sha256:a17e69751a12aaafa6775f753a194fcde6acfa0f827ae5f845e840d88a1c3e47"
section_count = 3

[[files]]
path = "validate/align-release-dockerfile-fixture-with-renderer.md"
digest = "sha256:11b96d9462a8d0966bb7c39447c3919f1bc03276e3fe52ad2f659a71b3640783"
ir_digest = "sha256:803d66d1523dbc42a5027b44556a1a1a1ce737cdb46434afaee263d75f47b8a2"
section_count = 2

[[files]]
path = "validate/real-kafka-calibrated-performance-benchmark-kraft-docker-mirrors.md"
digest = "sha256:5cbd399c655a6268efd81a030fc65e9d26bca9a6c1a34eb18f94c15e1ffb97ed"
ir_digest = "sha256:82fe411d765f87ee80e7d637be7dfa7a4366ce19cb6e238ca1caad8884b35bd0"
section_count = 2
