version = 2
project = "tape"
ir_kind = "td"
td_path = "apps/tape/tech-design"
generated_at = "2026-07-30T12:25:07.103571+00:00"
digest = "sha256:746c1a9546e66ff18a93e8708c31505a005846bb4a9de643502fd68d38fd0bf6"
source_digest = "sha256:746c1a9546e66ff18a93e8708c31505a005846bb4a9de643502fd68d38fd0bf6"
ir_digest = "sha256:0e6b4bfcd26f6acd5e116b125620c3b14529f9b4f412a4b580feb358c8eedbd7"

[[files]]
path = "pyproject.toml"
digest = "sha256:7006d9deba26b84db65b8422810c1c55b1c67d61ae3a641edc2a8d2add9c454a"

[[files]]
path = "src/tape/work_items/replace_the_single_node_whole_file_journal_rewrite_with_an_appen.py"
digest = "sha256:4d60c4df6934be196ff9d6a135162d9bf40c132ac06d2307d405335b94683c44"

[[files]]
path = "tests/unit/test_wal_group_commit_design.py"
digest = "sha256:ae551c8a2254a2187e3e036945ae504e537eb158968b2c4f32d98f8cad46d04f"

[[files]]
path = "uv.lock"
digest = "sha256:0b0206c397fe2c3323490e7f45b5101ffa3ac0715210e23f3481a7f8d05fe08f"
